
Microsoft Visual Studio Solution File, Format Version 12.00
# Visual Studio Version 17
VisualStudioVersion = 17.7.34202.233
MinimumVisualStudioVersion = 10.0.40219.1
Project("{FAE04EC0-301F-11D3-BF4B-00C04F79EFBC}") = "Null v4", "Null v4\Null v4.csproj", "{B28AC1BE-2DF8-4822-8B84-8ADCC3987349}"
EndProject
Global
	GlobalSection(SolutionConfigurationPlatforms) = preSolution
		Debug|Any CPU = Debug|Any CPU
		Release|Any CPU = Release|Any CPU
		Description = Youre Favorite Software
	EndGlobalSection
	GlobalSection(ProjectConfigurationPlatforms) = postSolution
		{B28AC1BE-2DF8-4822-8B84-8ADCC3987349}.Debug|Any CPU.ActiveCfg = Debug|Any CPU
		{B28AC1BE-2DF8-4822-8B84-8ADCC3987349}.Debug|Any CPU.Build.0 = Debug|Any CPU
		{B28AC1BE-2DF8-4822-8B84-8ADCC3987349}.Release|Any CPU.ActiveCfg = Release|Any CPU
		{B28AC1BE-2DF8-4822-8B84-8ADCC3987349}.Release|Any CPU.Build.0 = Release|Any CPU
	EndGlobalSection
	GlobalSection(SolutionProperties) = preSolution
		HideSolutionNode = FALSE
	EndGlobalSection
	GlobalSection(ExtensibilityGlobals) = postSolution
		SolutionGuid = {5ED4A3BC-4DB2-4CB0-94E0-844EBD8DE302}
	EndGlobalSection
EndGlobal
